// !$*UTF8*$!
{
	archiveVersion = 1;
	classes = {
	};
	objectVersion = 48;
	objects = {

/* Begin PBXBuildFile section */
		611955A41F79F9A300CE245E /* LaunchScreen.storyboard in Resources */ = {isa = PBXBuildFile; fileRef = 611955A31F79F9A300CE245E /* LaunchScreen.storyboard */; };
		611955AA1F7A218C00CE245E /* UIView+copyView.m in Sources */ = {isa = PBXBuildFile; fileRef = 611955A91F7A218C00CE245E /* UIView+copyView.m */; };
		611955B01F7A287300CE245E /* LZZButton.m in Sources */ = {isa = PBXBuildFile; fileRef = 611955AF1F7A287300CE245E /* LZZButton.m */; };
		611955B41F7A521900CE245E /* StoreData.m in Sources */ = {isa = PBXBuildFile; fileRef = 611955B31F7A521900CE245E /* StoreData.m */; };
		61A672451F79ECFB0020F6A4 /* AppDelegate.m in Sources */ = {isa = PBXBuildFile; fileRef = 61A672441F79ECFB0020F6A4 /* AppDelegate.m */; };
		61A672481F79ECFB0020F6A4 /* ViewController.m in Sources */ = {isa = PBXBuildFile; fileRef = 61A672471F79ECFB0020F6A4 /* ViewController.m */; };
		61A6724D1F79ECFB0020F6A4 /* Assets.xcassets in Resources */ = {isa = PBXBuildFile; fileRef = 61A6724C1F79ECFB0020F6A4 /* Assets.xcassets */; };
		61A672531F79ECFB0020F6A4 /* main.m in Sources */ = {isa = PBXBuildFile; fileRef = 61A672521F79ECFB0020F6A4 /* main.m */; };
		61A6725B1F79ED290020F6A4 /* LZZCrawlerTool.m in Sources */ = {isa = PBXBuildFile; fileRef = 61A6725A1F79ED290020F6A4 /* LZZCrawlerTool.m */; };
		61A6725D1F79F0560020F6A4 /* bgimg.jpg in Resources */ = {isa = PBXBuildFile; fileRef = 61A6725C1F79F0320020F6A4 /* bgimg.jpg */; };
		F0D1E1C38ED6667B08F48430 /* libPods-LZZCrawler.a in Frameworks */ = {isa = PBXBuildFile; fileRef = 8C6CF9FA1C0DD76923082B05 /* libPods-LZZCrawler.a */; };
/* End PBXBuildFile section */

/* Begin PBXFileReference section */
		611955A11F79F78400CE245E /* UtilsMacro.h */ = {isa = PBXFileReference; fileEncoding = 4; lastKnownFileType = sourcecode.c.h; path = UtilsMacro.h; sourceTree = "<group>"; };
		611955A21F79F7A800CE245E /* PrefixHeader.pch */ = {isa = PBXFileReference; lastKnownFileType = sourcecode.c.h; path = PrefixHeader.pch; sourceTree = "<group>"; };
		611955A31F79F9A300CE245E /* LaunchScreen.storyboard */ = {isa = PBXFileReference; lastKnownFileType = file.storyboard; path = LaunchScreen.storyboard; sourceTree = "<group>"; };
		611955A81F7A218C00CE245E /* UIView+copyView.h */ = {isa = PBXFileReference; lastKnownFileType = sourcecode.c.h; path = "UIView+copyView.h"; sourceTree = "<group>"; };
		611955A91F7A218C00CE245E /* UIView+copyView.m */ = {isa = PBXFileReference; lastKnownFileType = sourcecode.c.objc; path = "UIView+copyView.m"; sourceTree = "<group>"; };
		611955AE1F7A287300CE245E /* LZZButton.h */ = {isa = PBXFileReference; lastKnownFileType = sourcecode.c.h; path = LZZButton.h; sourceTree = "<group>"; };
		611955AF1F7A287300CE245E /* LZZButton.m */ = {isa = PBXFileReference; lastKnownFileType = sourcecode.c.objc; path = LZZButton.m; sourceTree = "<group>"; };
		611955B11F7A2ED200CE245E /* AppMacro.h */ = {isa = PBXFileReference; lastKnownFileType = sourcecode.c.h; path = AppMacro.h; sourceTree = "<group>"; };
		611955B21F7A521900CE245E /* StoreData.h */ = {isa = PBXFileReference; lastKnownFileType = sourcecode.c.h; path = StoreData.h; sourceTree = "<group>"; };
		611955B31F7A521900CE245E /* StoreData.m */ = {isa = PBXFileReference; lastKnownFileType = sourcecode.c.objc; path = StoreData.m; sourceTree = "<group>"; };
		61A672401F79ECFB0020F6A4 /* LZZCrawler.app */ = {isa = PBXFileReference; explicitFileType = wrapper.application; includeInIndex = 0; path = LZZCrawler.app; sourceTree = BUILT_PRODUCTS_DIR; };
		61A672431F79ECFB0020F6A4 /* AppDelegate.h */ = {isa = PBXFileReference; lastKnownFileType = sourcecode.c.h; path = AppDelegate.h; sourceTree = "<group>"; };
		61A672441F79ECFB0020F6A4 /* AppDelegate.m */ = {isa = PBXFileReference; lastKnownFileType = sourcecode.c.objc; path = AppDelegate.m; sourceTree = "<group>"; };
		61A672461F79ECFB0020F6A4 /* ViewController.h */ = {isa = PBXFileReference; lastKnownFileType = sourcecode.c.h; path = ViewController.h; sourceTree = "<group>"; };
		61A672471F79ECFB0020F6A4 /* ViewController.m */ = {isa = PBXFileReference; lastKnownFileType = sourcecode.c.objc; path = ViewController.m; sourceTree = "<group>"; };
		61A6724C1F79ECFB0020F6A4 /* Assets.xcassets */ = {isa = PBXFileReference; lastKnownFileType = folder.assetcatalog; path = Assets.xcassets; sourceTree = "<group>"; };
		61A672511F79ECFB0020F6A4 /* Info.plist */ = {isa = PBXFileReference; lastKnownFileType = text.plist.xml; path = Info.plist; sourceTree = "<group>"; };
		61A672521F79ECFB0020F6A4 /* main.m */ = {isa = PBXFileReference; lastKnownFileType = sourcecode.c.objc; path = main.m; sourceTree = "<group>"; };
		61A672591F79ED290020F6A4 /* LZZCrawlerTool.h */ = {isa = PBXFileReference; lastKnownFileType = sourcecode.c.h; path = LZZCrawlerTool.h; sourceTree = "<group>"; };
		61A6725A1F79ED290020F6A4 /* LZZCrawlerTool.m */ = {isa = PBXFileReference; lastKnownFileType = sourcecode.c.objc; path = LZZCrawlerTool.m; sourceTree = "<group>"; };
		61A6725C1F79F0320020F6A4 /* bgimg.jpg */ = {isa = PBXFileReference; lastKnownFileType = image.jpeg; path = bgimg.jpg; sourceTree = "<group>"; };
		8C6CF9FA1C0DD76923082B05 /* libPods-LZZCrawler.a */ = {isa = PBXFileReference; explicitFileType = archive.ar; includeInIndex = 0; path = "libPods-LZZCrawler.a"; sourceTree = BUILT_PRODUCTS_DIR; };
		9E037AE26811D0D096296110 /* Pods-LZZCrawler.release.xcconfig */ = {isa = PBXFileReference; includeInIndex = 1; lastKnownFileType = text.xcconfig; name = "Pods-LZZCrawler.release.xcconfig"; path = "Pods/Target Support Files/Pods-LZZCrawler/Pods-LZZCrawler.release.xcconfig"; sourceTree = "<group>"; };
		D258855E05766711C2A26C35 /* Pods-LZZCrawler.debug.xcconfig */ = {isa = PBXFileReference; includeInIndex = 1; lastKnownFileType = text.xcconfig; name = "Pods-LZZCrawler.debug.xcconfig"; path = "Pods/Target Support Files/Pods-LZZCrawler/Pods-LZZCrawler.debug.xcconfig"; sourceTree = "<group>"; };
/* End PBXFileReference section */

/* Begin PBXFrameworksBuildPhase section */
		61A6723D1F79ECFB0020F6A4 /* Frameworks */ = {
			isa = PBXFrameworksBuildPhase;
			buildActionMask = 2147483647;
			files = (
				F0D1E1C38ED6667B08F48430 /* libPods-LZZCrawler.a in Frameworks */,
			);
			runOnlyForDeploymentPostprocessing = 0;
		};
/* End PBXFrameworksBuildPhase section */

/* Begin PBXGroup section */
		1D6688E0F3372E2A78AF0D31 /* Pods */ = {
			isa = PBXGroup;
			children = (
				D258855E05766711C2A26C35 /* Pods-LZZCrawler.debug.xcconfig */,
				9E037AE26811D0D096296110 /* Pods-LZZCrawler.release.xcconfig */,
			);
			name = Pods;
			sourceTree = "<group>";
		};
		61A672371F79ECFB0020F6A4 = {
			isa = PBXGroup;
			children = (
				61A672421F79ECFB0020F6A4 /* LZZCrawler */,
				61A672411F79ECFB0020F6A4 /* Products */,
				1D6688E0F3372E2A78AF0D31 /* Pods */,
				878359EDE59F18C84E76D984 /* Frameworks */,
			);
			sourceTree = "<group>";
		};
		61A672411F79ECFB0020F6A4 /* Products */ = {
			isa = PBXGroup;
			children = (
				61A672401F79ECFB0020F6A4 /* LZZCrawler.app */,
			);
			name = Products;
			sourceTree = "<group>";
		};
		61A672421F79ECFB0020F6A4 /* LZZCrawler */ = {
			isa = PBXGroup;
			children = (
				611955A11F79F78400CE245E /* UtilsMacro.h */,
				611955B11F7A2ED200CE245E /* AppMacro.h */,
				61A672431F79ECFB0020F6A4 /* AppDelegate.h */,
				61A672441F79ECFB0020F6A4 /* AppDelegate.m */,
				61A672461F79ECFB0020F6A4 /* ViewController.h */,
				61A672471F79ECFB0020F6A4 /* ViewController.m */,
				611955B21F7A521900CE245E /* StoreData.h */,
				611955B31F7A521900CE245E /* StoreData.m */,
				61A672591F79ED290020F6A4 /* LZZCrawlerTool.h */,
				61A6725A1F79ED290020F6A4 /* LZZCrawlerTool.m */,
				611955A81F7A218C00CE245E /* UIView+copyView.h */,
				611955A91F7A218C00CE245E /* UIView+copyView.m */,
				611955AE1F7A287300CE245E /* LZZButton.h */,
				611955AF1F7A287300CE245E /* LZZButton.m */,
				61A6725C1F79F0320020F6A4 /* bgimg.jpg */,
				61A6724C1F79ECFB0020F6A4 /* Assets.xcassets */,
				61A672511F79ECFB0020F6A4 /* Info.plist */,
				61A672521F79ECFB0020F6A4 /* main.m */,
				611955A21F79F7A800CE245E /* PrefixHeader.pch */,
				611955A31F79F9A300CE245E /* LaunchScreen.storyboard */,
			);
			path = LZZCrawler;
			sourceTree = "<group>";
		};
		878359EDE59F18C84E76D984 /* Frameworks */ = {
			isa = PBXGroup;
			children = (
				8C6CF9FA1C0DD76923082B05 /* libPods-LZZCrawler.a */,
			);
			name = Frameworks;
			sourceTree = "<group>";
		};
/* End PBXGroup section */

/* Begin PBXNativeTarget section */
		61A6723F1F79ECFB0020F6A4 /* LZZCrawler */ = {
			isa = PBXNativeTarget;
			buildConfigurationList = 61A672561F79ECFB0020F6A4 /* Build configuration list for PBXNativeTarget "LZZCrawler" */;
			buildPhases = (
				8F1F9FD47AB87B3A05F5958E /* [CP] Check Pods Manifest.lock */,
				61A6723C1F79ECFB0020F6A4 /* Sources */,
				61A6723D1F79ECFB0020F6A4 /* Frameworks */,
				61A6723E1F79ECFB0020F6A4 /* Resources */,
				CE60D15893478FB8AF3C9B5F /* [CP] Embed Pods Frameworks */,
				4513F5A6BDBF54E5E0D34B8E /* [CP] Copy Pods Resources */,
			);
			buildRules = (
			);
			dependencies = (
			);
			name = LZZCrawler;
			productName = LZZCrawler;
			productReference = 61A672401F79ECFB0020F6A4 /* LZZCrawler.app */;
			productType = "com.apple.product-type.application";
		};
/* End PBXNativeTarget section */

/* Begin PBXProject section */
		61A672381F79ECFB0020F6A4 /* Project object */ = {
			isa = PBXProject;
			attributes = {
				LastUpgradeCheck = 0900;
				ORGANIZATIONNAME = LZZ;
				TargetAttributes = {
					61A6723F1F79ECFB0020F6A4 = {
						CreatedOnToolsVersion = 9.0;
						ProvisioningStyle = Manual;
					};
				};
			};
			buildConfigurationList = 61A6723B1F79ECFB0020F6A4 /* Build configuration list for PBXProject "LZZCrawler" */;
			compatibilityVersion = "Xcode 8.0";
			developmentRegion = en;
			hasScannedForEncodings = 0;
			knownRegions = (
				en,
				Base,
			);
			mainGroup = 61A672371F79ECFB0020F6A4;
			productRefGroup = 61A672411F79ECFB0020F6A4 /* Products */;
			projectDirPath = "";
			projectRoot = "";
			targets = (
				61A6723F1F79ECFB0020F6A4 /* LZZCrawler */,
			);
		};
/* End PBXProject section */

/* Begin PBXResourcesBuildPhase section */
		61A6723E1F79ECFB0020F6A4 /* Resources */ = {
			isa = PBXResourcesBuildPhase;
			buildActionMask = 2147483647;
			files = (
				61A6725D1F79F0560020F6A4 /* bgimg.jpg in Resources */,
				611955A41F79F9A300CE245E /* LaunchScreen.storyboard in Resources */,
				61A6724D1F79ECFB0020F6A4 /* Assets.xcassets in Resources */,
			);
			runOnlyForDeploymentPostprocessing = 0;
		};
/* End PBXResourcesBuildPhase section */

/* Begin PBXShellScriptBuildPhase section */
		4513F5A6BDBF54E5E0D34B8E /* [CP] Copy Pods Resources */ = {
			isa = PBXShellScriptBuildPhase;
			buildActionMask = 2147483647;
			files = (
			);
			inputPaths = (
			);
			name = "[CP] Copy Pods Resources";
			outputPaths = (
			);
			runOnlyForDeploymentPostprocessing = 0;
			shellPath = /bin/sh;
			shellScript = "\"${SRCROOT}/Pods/Target Support Files/Pods-LZZCrawler/Pods-LZZCrawler-resources.sh\"\n";
			showEnvVarsInLog = 0;
		};
		8F1F9FD47AB87B3A05F5958E /* [CP] Check Pods Manifest.lock */ = {
			isa = PBXShellScriptBuildPhase;
			buildActionMask = 2147483647;
			files = (
			);
			inputPaths = (
			);
			name = "[CP] Check Pods Manifest.lock";
			outputPaths = (
			);
			runOnlyForDeploymentPostprocessing = 0;
			shellPath = /bin/sh;
			shellScript = "diff \"${PODS_PODFILE_DIR_PATH}/Podfile.lock\" \"${PODS_ROOT}/Manifest.lock\" > /dev/null\nif [ $? != 0 ] ; then\n    # print error to STDERR\n    echo \"error: The sandbox is not in sync with the Podfile.lock. Run 'pod install' or update your CocoaPods installation.\" >&2\n    exit 1\nfi\n";
			showEnvVarsInLog = 0;
		};
		CE60D15893478FB8AF3C9B5F /* [CP] Embed Pods Frameworks */ = {
			isa = PBXShellScriptBuildPhase;
			buildActionMask = 2147483647;
			files = (
			);
			inputPaths = (
			);
			name = "[CP] Embed Pods Frameworks";
			outputPaths = (
			);
			runOnlyForDeploymentPostprocessing = 0;
			shellPath = /bin/sh;
			shellScript = "\"${SRCROOT}/Pods/Target Support Files/Pods-LZZCrawler/Pods-LZZCrawler-frameworks.sh\"\n";
			showEnvVarsInLog = 0;
		};
/* End PBXShellScriptBuildPhase section */

/* Begin PBXSourcesBuildPhase section */
		61A6723C1F79ECFB0020F6A4 /* Sources */ = {
			isa = PBXSourcesBuildPhase;
			buildActionMask = 2147483647;
			files = (
				61A672481F79ECFB0020F6A4 /* ViewController.m in Sources */,
				611955AA1F7A218C00CE245E /* UIView+copyView.m in Sources */,
				61A6725B1F79ED290020F6A4 /* LZZCrawlerTool.m in Sources */,
				61A672531F79ECFB0020F6A4 /* main.m in Sources */,
				611955B01F7A287300CE245E /* LZZButton.m in Sources */,
				611955B41F7A521900CE245E /* StoreData.m in Sources */,
				61A672451F79ECFB0020F6A4 /* AppDelegate.m in Sources */,
			);
			runOnlyForDeploymentPostprocessing = 0;
		};
/* End PBXSourcesBuildPhase section */

/* Begin XCBuildConfiguration section */
		61A672541F79ECFB0020F6A4 /* Debug */ = {
			isa = XCBuildConfiguration;
			buildSettings = {
				ALWAYS_SEARCH_USER_PATHS = NO;
				CLANG_ANALYZER_NONNULL = YES;
				CLANG_ANALYZER_NUMBER_OBJECT_CONVERSION = YES_AGGRESSIVE;
				CLANG_CXX_LANGUAGE_STANDARD = "gnu++14";
				CLANG_CXX_LIBRARY = "libc++";
				CLANG_ENABLE_MODULES = YES;
				CLANG_ENABLE_OBJC_ARC = YES;
				CLANG_WARN_BLOCK_CAPTURE_AUTORELEASING = YES;
				CLANG_WARN_BOOL_CONVERSION = YES;
				CLANG_WARN_COMMA = YES;
				CLANG_WARN_CONSTANT_CONVERSION = YES;
				CLANG_WARN_DIRECT_OBJC_ISA_USAGE = YES_ERROR;
				CLANG_WARN_DOCUMENTATION_COMMENTS = YES;
				CLANG_WARN_EMPTY_BODY = YES;
				CLANG_WARN_ENUM_CONVERSION = YES;
				CLANG_WARN_INFINITE_RECURSION = YES;
				CLANG_WARN_INT_CONVERSION = YES;
				CLANG_WARN_NON_LITERAL_NULL_CONVERSION = YES;
				CLANG_WARN_OBJC_LITERAL_CONVERSION = YES;
				CLANG_WARN_OBJC_ROOT_CLASS = YES_ERROR;
				CLANG_WARN_RANGE_LOOP_ANALYSIS = YES;
				CLANG_WARN_STRICT_PROTOTYPES = YES;
				CLANG_WARN_SUSPICIOUS_MOVE = YES;
				CLANG_WARN_UNGUARDED_AVAILABILITY = YES_AGGRESSIVE;
				CLANG_WARN_UNREACHABLE_CODE = YES;
				CLANG_WARN__DUPLICATE_METHOD_MATCH = YES;
				CODE_SIGN_IDENTITY = "iPhone Developer";
				COPY_PHASE_STRIP = NO;
				DEBUG_INFORMATION_FORMAT = dwarf;
				ENABLE_STRICT_OBJC_MSGSEND = YES;
				ENABLE_TESTABILITY = YES;
				GCC_C_LANGUAGE_STANDARD = gnu11;
				GCC_DYNAMIC_NO_PIC = NO;
				GCC_NO_COMMON_BLOCKS = YES;
				GCC_OPTIMIZATION_LEVEL = 0;
				GCC_PREPROCESSOR_DEFINITIONS = (
					"DEBUG=1",
					"$(inherited)",
				);
				GCC_WARN_64_TO_32_BIT_CONVERSION = YES;
				GCC_WARN_ABOUT_RETURN_TYPE = YES_ERROR;
				GCC_WARN_UNDECLARED_SELECTOR = YES;
				GCC_WARN_UNINITIALIZED_AUTOS = YES_AGGRESSIVE;
				GCC_WARN_UNUSED_FUNCTION = YES;
				GCC_WARN_UNUSED_VARIABLE = YES;
				IPHONEOS_DEPLOYMENT_TARGET = 10.0;
				MTL_ENABLE_DEBUG_INFO = YES;
				ONLY_ACTIVE_ARCH = YES;
				SDKROOT = iphoneos;
			};
			name = Debug;
		};
		61A672551F79ECFB0020F6A4 /* Release */ = {
			isa = XCBuildConfiguration;
			buildSettings = {
				ALWAYS_SEARCH_USER_PATHS = NO;
				CLANG_ANALYZER_NONNULL = YES;
				CLANG_ANALYZER_NUMBER_OBJECT_CONVERSION = YES_AGGRESSIVE;
				CLANG_CXX_LANGUAGE_STANDARD = "gnu++14";
				CLANG_CXX_LIBRARY = "libc++";
				CLANG_ENABLE_MODULES = YES;
				CLANG_ENABLE_OBJC_ARC = YES;
				CLANG_WARN_BLOCK_CAPTURE_AUTORELEASING = YES;
				CLANG_WARN_BOOL_CONVERSION = YES;
				CLANG_WARN_COMMA = YES;
				CLANG_WARN_CONSTANT_CONVERSION = YES;
				CLANG_WARN_DIRECT_OBJC_ISA_USAGE = YES_ERROR;
				CLANG_WARN_DOCUMENTATION_COMMENTS = YES;
				CLANG_WARN_EMPTY_BODY = YES;
				CLANG_WARN_ENUM_CONVERSION = YES;
				CLANG_WARN_INFINITE_RECURSION = YES;
				CLANG_WARN_INT_CONVERSION = YES;
				CLANG_WARN_NON_LITERAL_NULL_CONVERSION = YES;
				CLANG_WARN_OBJC_LITERAL_CONVERSION = YES;
				CLANG_WARN_OBJC_ROOT_CLASS = YES_ERROR;
				CLANG_WARN_RANGE_LOOP_ANALYSIS = YES;
				CLANG_WARN_STRICT_PROTOTYPES = YES;
				CLANG_WARN_SUSPICIOUS_MOVE = YES;
				CLANG_WARN_UNGUARDED_AVAILABILITY = YES_AGGRESSIVE;
				CLANG_WARN_UNREACHABLE_CODE = YES;
				CLANG_WARN__DUPLICATE_METHOD_MATCH = YES;
				CODE_SIGN_IDENTITY = "iPhone Developer";
				COPY_PHASE_STRIP = NO;
				DEBUG_INFORMATION_FORMAT = "dwarf-with-dsym";
				ENABLE_NS_ASSERTIONS = NO;
				ENABLE_STRICT_OBJC_MSGSEND = YES;
				GCC_C_LANGUAGE_STANDARD = gnu11;
				GCC_NO_COMMON_BLOCKS = YES;
				GCC_WARN_64_TO_32_BIT_CONVERSION = YES;
				GCC_WARN_ABOUT_RETURN_TYPE = YES_ERROR;
				GCC_WARN_UNDECLARED_SELECTOR = YES;
				GCC_WARN_UNINITIALIZED_AUTOS = YES_AGGRESSIVE;
				GCC_WARN_UNUSED_FUNCTION = YES;
				GCC_WARN_UNUSED_VARIABLE = YES;
				IPHONEOS_DEPLOYMENT_TARGET = 10.0;
				MTL_ENABLE_DEBUG_INFO = NO;
				SDKROOT = iphoneos;
				VALIDATE_PRODUCT = YES;
			};
			name = Release;
		};
		61A672571F79ECFB0020F6A4 /* Debug */ = {
			isa = XCBuildConfiguration;
			baseConfigurationReference = D258855E05766711C2A26C35 /* Pods-LZZCrawler.debug.xcconfig */;
			buildSettings = {
				ASSETCATALOG_COMPILER_APPICON_NAME = AppIcon;
				CODE_SIGN_STYLE = Manual;
				DEVELOPMENT_TEAM = 5D22G25F5Z;
				GCC_PREFIX_HEADER = "$(SRCROOT)/LZZCrawler/PrefixHeader.pch";
				INFOPLIST_FILE = LZZCrawler/Info.plist;
				IPHONEOS_DEPLOYMENT_TARGET = 10.0;
				LD_RUNPATH_SEARCH_PATHS = "$(inherited) @executable_path/Frameworks";
				PRODUCT_BUNDLE_IDENTIFIER = com.ucsmy.LZZCrawler;
				PRODUCT_NAME = "$(TARGET_NAME)";
				PROVISIONING_PROFILE = "cb87a84b-ef3d-4edf-b896-1bcce1424729";
				PROVISIONING_PROFILE_SPECIFIER = UCSDeveloper;
				TARGETED_DEVICE_FAMILY = 1;
			};
			name = Debug;
		};
		61A672581F79ECFB0020F6A4 /* Release */ = {
			isa = XCBuildConfiguration;
			baseConfigurationReference = 9E037AE26811D0D096296110 /* Pods-LZZCrawler.release.xcconfig */;
			buildSettings = {
				ASSETCATALOG_COMPILER_APPICON_NAME = AppIcon;
				CODE_SIGN_STYLE = Manual;
				DEVELOPMENT_TEAM = "";
				GCC_PREFIX_HEADER = "$(SRCROOT)/LZZCrawler/PrefixHeader.pch";
				INFOPLIST_FILE = LZZCrawler/Info.plist;
				IPHONEOS_DEPLOYMENT_TARGET = 10.0;
				LD_RUNPATH_SEARCH_PATHS = "$(inherited) @executable_path/Frameworks";
				PRODUCT_BUNDLE_IDENTIFIER = com.ucsmy.LZZCrawler;
				PRODUCT_NAME = "$(TARGET_NAME)";
				PROVISIONING_PROFILE_SPECIFIER = "";
				TARGETED_DEVICE_FAMILY = 1;
			};
			name = Release;
		};
/* End XCBuildConfiguration section */

/* Begin XCConfigurationList section */
		61A6723B1F79ECFB0020F6A4 /* Build configuration list for PBXProject "LZZCrawler" */ = {
			isa = XCConfigurationList;
			buildConfigurations = (
				61A672541F79ECFB0020F6A4 /* Debug */,
				61A672551F79ECFB0020F6A4 /* Release */,
			);
			defaultConfigurationIsVisible = 0;
			defaultConfigurationName = Release;
		};
		61A672561F79ECFB0020F6A4 /* Build configuration list for PBXNativeTarget "LZZCrawler" */ = {
			isa = XCConfigurationList;
			buildConfigurations = (
				61A672571F79ECFB0020F6A4 /* Debug */,
				61A672581F79ECFB0020F6A4 /* Release */,
			);
			defaultConfigurationIsVisible = 0;
			defaultConfigurationName = Release;
		};
/* End XCConfigurationList section */
	};
	rootObject = 61A672381F79ECFB0020F6A4 /* Project object */;
}
